// !$*UTF8*$!
{
	archiveVersion = 1;
	classes = {
	};
	objectVersion = 50;
	objects = {

/* Begin PBXBuildFile section */
		C26DF9FD25F131C4007FA684 /* AppDelegate.swift in Sources */ = {isa = PBXBuildFile; fileRef = C26DF9FC25F131C4007FA684 /* AppDelegate.swift */; };
		C26DF9FF25F131C4007FA684 /* SceneDelegate.swift in Sources */ = {isa = PBXBuildFile; fileRef = C26DF9FE25F131C4007FA684 /* SceneDelegate.swift */; };
		C26DFA0125F131C4007FA684 /* ViewController.swift in Sources */ = {isa = PBXBuildFile; fileRef = C26DFA0025F131C4007FA684 /* ViewController.swift */; };
		C26DFA0425F131C4007FA684 /* Main.storyboard in Resources */ = {isa = PBXBuildFile; fileRef = C26DFA0225F131C4007FA684 /* Main.storyboard */; };
		C26DFA0625F131C5007FA684 /* Assets.xcassets in Resources */ = {isa = PBXBuildFile; fileRef = C26DFA0525F131C5007FA684 /* Assets.xcassets */; };
		C26DFA0925F131C5007FA684 /* LaunchScreen.storyboard in Resources */ = {isa = PBXBuildFile; fileRef = C26DFA0725F131C5007FA684 /* LaunchScreen.storyboard */; };
		C26DFA1425F131C5007FA684 /* Baby_TikTokTests.swift in Sources */ = {isa = PBXBuildFile; fileRef = C26DFA1325F131C5007FA684 /* Baby_TikTokTests.swift */; };
		C26DFA1F25F131C5007FA684 /* Baby_TikTokUITests.swift in Sources */ = {isa = PBXBuildFile; fileRef = C26DFA1E25F131C5007FA684 /* Baby_TikTokUITests.swift */; };
		C26DFA3025F13515007FA684 /* VideoCollectionViewCell.swift in Sources */ = {isa = PBXBuildFile; fileRef = C26DFA2F25F13515007FA684 /* VideoCollectionViewCell.swift */; };
		C26DFA4725F147D5007FA684 /* hunter1.mp4 in Resources */ = {isa = PBXBuildFile; fileRef = C26DFA3D25F143B7007FA684 /* hunter1.mp4 */; };
		C26DFA4825F147D5007FA684 /* hunter2.mp4 in Resources */ = {isa = PBXBuildFile; fileRef = C26DFA4025F143B9007FA684 /* hunter2.mp4 */; };
		C26DFA4925F147D5007FA684 /* hunter4.mp4 in Resources */ = {isa = PBXBuildFile; fileRef = C26DFA3E25F143B8007FA684 /* hunter4.mp4 */; };
		C26DFA4A25F147D5007FA684 /* hunter5.mp4 in Resources */ = {isa = PBXBuildFile; fileRef = C26DFA3C25F143B7007FA684 /* hunter5.mp4 */; };
		C26DFA4B25F147D5007FA684 /* hunter3.mp4 in Resources */ = {isa = PBXBuildFile; fileRef = C26DFA3F25F143B8007FA684 /* hunter3.mp4 */; };
/* End PBXBuildFile section */

/* Begin PBXContainerItemProxy section */
		C26DFA1025F131C5007FA684 /* PBXContainerItemProxy */ = {
			isa = PBXContainerItemProxy;
			containerPortal = C26DF9F125F131C4007FA684 /* Project object */;
			proxyType = 1;
			remoteGlobalIDString = C26DF9F825F131C4007FA684;
			remoteInfo = "Baby-TikTok";
		};
		C26DFA1B25F131C5007FA684 /* PBXContainerItemProxy */ = {
			isa = PBXContainerItemProxy;
			containerPortal = C26DF9F125F131C4007FA684 /* Project object */;
			proxyType = 1;
			remoteGlobalIDString = C26DF9F825F131C4007FA684;
			remoteInfo = "Baby-TikTok";
		};
/* End PBXContainerItemProxy section */

/* Begin PBXFileReference section */
		C26DF9F925F131C4007FA684 /* Baby-TikTok.app */ = {isa = PBXFileReference; explicitFileType = wrapper.application; includeInIndex = 0; path = "Baby-TikTok.app"; sourceTree = BUILT_PRODUCTS_DIR; };
		C26DF9FC25F131C4007FA684 /* AppDelegate.swift */ = {isa = PBXFileReference; lastKnownFileType = sourcecode.swift; path = AppDelegate.swift; sourceTree = "<group>"; };
		C26DF9FE25F131C4007FA684 /* SceneDelegate.swift */ = {isa = PBXFileReference; lastKnownFileType = sourcecode.swift; path = SceneDelegate.swift; sourceTree = "<group>"; };
		C26DFA0025F131C4007FA684 /* ViewController.swift */ = {isa = PBXFileReference; lastKnownFileType = sourcecode.swift; path = ViewController.swift; sourceTree = "<group>"; };
		C26DFA0325F131C4007FA684 /* Base */ = {isa = PBXFileReference; lastKnownFileType = file.storyboard; name = Base; path = Base.lproj/Main.storyboard; sourceTree = "<group>"; };
		C26DFA0525F131C5007FA684 /* Assets.xcassets */ = {isa = PBXFileReference; lastKnownFileType = folder.assetcatalog; path = Assets.xcassets; sourceTree = "<group>"; };
		C26DFA0825F131C5007FA684 /* Base */ = {isa = PBXFileReference; lastKnownFileType = file.storyboard; name = Base; path = Base.lproj/LaunchScreen.storyboard; sourceTree = "<group>"; };
		C26DFA0A25F131C5007FA684 /* Info.plist */ = {isa = PBXFileReference; lastKnownFileType = text.plist.xml; path = Info.plist; sourceTree = "<group>"; };
		C26DFA0F25F131C5007FA684 /* Baby-TikTokTests.xctest */ = {isa = PBXFileReference; explicitFileType = wrapper.cfbundle; includeInIndex = 0; path = "Baby-TikTokTests.xctest"; sourceTree = BUILT_PRODUCTS_DIR; };
		C26DFA1325F131C5007FA684 /* Baby_TikTokTests.swift */ = {isa = PBXFileReference; lastKnownFileType = sourcecode.swift; path = Baby_TikTokTests.swift; sourceTree = "<group>"; };
		C26DFA1525F131C5007FA684 /* Info.plist */ = {isa = PBXFileReference; lastKnownFileType = text.plist.xml; path = Info.plist; sourceTree = "<group>"; };
		C26DFA1A25F131C5007FA684 /* Baby-TikTokUITests.xctest */ = {isa = PBXFileReference; explicitFileType = wrapper.cfbundle; includeInIndex = 0; path = "Baby-TikTokUITests.xctest"; sourceTree = BUILT_PRODUCTS_DIR; };
		C26DFA1E25F131C5007FA684 /* Baby_TikTokUITests.swift */ = {isa = PBXFileReference; lastKnownFileType = sourcecode.swift; path = Baby_TikTokUITests.swift; sourceTree = "<group>"; };
		C26DFA2025F131C5007FA684 /* Info.plist */ = {isa = PBXFileReference; lastKnownFileType = text.plist.xml; path = Info.plist; sourceTree = "<group>"; };
		C26DFA2F25F13515007FA684 /* VideoCollectionViewCell.swift */ = {isa = PBXFileReference; lastKnownFileType = sourcecode.swift; path = VideoCollectionViewCell.swift; sourceTree = "<group>"; };
		C26DFA3C25F143B7007FA684 /* hunter5.mp4 */ = {isa = PBXFileReference; lastKnownFileType = file; path = hunter5.mp4; sourceTree = "<group>"; };
		C26DFA3D25F143B7007FA684 /* hunter1.mp4 */ = {isa = PBXFileReference; lastKnownFileType = file; path = hunter1.mp4; sourceTree = "<group>"; };
		C26DFA3E25F143B8007FA684 /* hunter4.mp4 */ = {isa = PBXFileReference; lastKnownFileType = file; path = hunter4.mp4; sourceTree = "<group>"; };
		C26DFA3F25F143B8007FA684 /* hunter3.mp4 */ = {isa = PBXFileReference; lastKnownFileType = file; path = hunter3.mp4; sourceTree = "<group>"; };
		C26DFA4025F143B9007FA684 /* hunter2.mp4 */ = {isa = PBXFileReference; lastKnownFileType = file; path = hunter2.mp4; sourceTree = "<group>"; };
/* End PBXFileReference section */

/* Begin PBXFrameworksBuildPhase section */
		C26DF9F625F131C4007FA684 /* Frameworks */ = {
			isa = PBXFrameworksBuildPhase;
			buildActionMask = 2147483647;
			files = (
			);
			runOnlyForDeploymentPostprocessing = 0;
		};
		C26DFA0C25F131C5007FA684 /* Frameworks */ = {
			isa = PBXFrameworksBuildPhase;
			buildActionMask = 2147483647;
			files = (
			);
			runOnlyForDeploymentPostprocessing = 0;
		};
		C26DFA1725F131C5007FA684 /* Frameworks */ = {
			isa = PBXFrameworksBuildPhase;
			buildActionMask = 2147483647;
			files = (
			);
			runOnlyForDeploymentPostprocessing = 0;
		};
/* End PBXFrameworksBuildPhase section */

/* Begin PBXGroup section */
		C26DF9F025F131C4007FA684 = {
			isa = PBXGroup;
			children = (
				C26DF9FB25F131C4007FA684 /* Baby-TikTok */,
				C26DFA1225F131C5007FA684 /* Baby-TikTokTests */,
				C26DFA1D25F131C5007FA684 /* Baby-TikTokUITests */,
				C26DF9FA25F131C4007FA684 /* Products */,
			);
			sourceTree = "<group>";
		};
		C26DF9FA25F131C4007FA684 /* Products */ = {
			isa = PBXGroup;
			children = (
				C26DF9F925F131C4007FA684 /* Baby-TikTok.app */,
				C26DFA0F25F131C5007FA684 /* Baby-TikTokTests.xctest */,
				C26DFA1A25F131C5007FA684 /* Baby-TikTokUITests.xctest */,
			);
			name = Products;
			sourceTree = "<group>";
		};
		C26DF9FB25F131C4007FA684 /* Baby-TikTok */ = {
			isa = PBXGroup;
			children = (
				C26DFA3D25F143B7007FA684 /* hunter1.mp4 */,
				C26DFA4025F143B9007FA684 /* hunter2.mp4 */,
				C26DFA3E25F143B8007FA684 /* hunter4.mp4 */,
				C26DFA3C25F143B7007FA684 /* hunter5.mp4 */,
				C26DFA3F25F143B8007FA684 /* hunter3.mp4 */,
				C26DF9FC25F131C4007FA684 /* AppDelegate.swift */,
				C26DF9FE25F131C4007FA684 /* SceneDelegate.swift */,
				C26DFA0025F131C4007FA684 /* ViewController.swift */,
				C26DFA2F25F13515007FA684 /* VideoCollectionViewCell.swift */,
				C26DFA0225F131C4007FA684 /* Main.storyboard */,
				C26DFA0525F131C5007FA684 /* Assets.xcassets */,
				C26DFA0725F131C5007FA684 /* LaunchScreen.storyboard */,
				C26DFA0A25F131C5007FA684 /* Info.plist */,
			);
			path = "Baby-TikTok";
			sourceTree = "<group>";
		};
		C26DFA1225F131C5007FA684 /* Baby-TikTokTests */ = {
			isa = PBXGroup;
			children = (
				C26DFA1325F131C5007FA684 /* Baby_TikTokTests.swift */,
				C26DFA1525F131C5007FA684 /* Info.plist */,
			);
			path = "Baby-TikTokTests";
			sourceTree = "<group>";
		};
		C26DFA1D25F131C5007FA684 /* Baby-TikTokUITests */ = {
			isa = PBXGroup;
			children = (
				C26DFA1E25F131C5007FA684 /* Baby_TikTokUITests.swift */,
				C26DFA2025F131C5007FA684 /* Info.plist */,
			);
			path = "Baby-TikTokUITests";
			sourceTree = "<group>";
		};
/* End PBXGroup section */

/* Begin PBXNativeTarget section */
		C26DF9F825F131C4007FA684 /* Baby-TikTok */ = {
			isa = PBXNativeTarget;
			buildConfigurationList = C26DFA2325F131C5007FA684 /* Build configuration list for PBXNativeTarget "Baby-TikTok" */;
			buildPhases = (
				C26DF9F525F131C4007FA684 /* Sources */,
				C26DF9F625F131C4007FA684 /* Frameworks */,
				C26DF9F725F131C4007FA684 /* Resources */,
			);
			buildRules = (
			);
			dependencies = (
			);
			name = "Baby-TikTok";
			productName = "Baby-TikTok";
			productReference = C26DF9F925F131C4007FA684 /* Baby-TikTok.app */;
			productType = "com.apple.product-type.application";
		};
		C26DFA0E25F131C5007FA684 /* Baby-TikTokTests */ = {
			isa = PBXNativeTarget;
			buildConfigurationList = C26DFA2625F131C5007FA684 /* Build configuration list for PBXNativeTarget "Baby-TikTokTests" */;
			buildPhases = (
				C26DFA0B25F131C5007FA684 /* Sources */,
				C26DFA0C25F131C5007FA684 /* Frameworks */,
				C26DFA0D25F131C5007FA684 /* Resources */,
			);
			buildRules = (
			);
			dependencies = (
				C26DFA1125F131C5007FA684 /* PBXTargetDependency */,
			);
			name = "Baby-TikTokTests";
			productName = "Baby-TikTokTests";
			productReference = C26DFA0F25F131C5007FA684 /* Baby-TikTokTests.xctest */;
			productType = "com.apple.product-type.bundle.unit-test";
		};
		C26DFA1925F131C5007FA684 /* Baby-TikTokUITests */ = {
			isa = PBXNativeTarget;
			buildConfigurationList = C26DFA2925F131C5007FA684 /* Build configuration list for PBXNativeTarget "Baby-TikTokUITests" */;
			buildPhases = (
				C26DFA1625F131C5007FA684 /* Sources */,
				C26DFA1725F131C5007FA684 /* Frameworks */,
				C26DFA1825F131C5007FA684 /* Resources */,
			);
			buildRules = (
			);
			dependencies = (
				C26DFA1C25F131C5007FA684 /* PBXTargetDependency */,
			);
			name = "Baby-TikTokUITests";
			productName = "Baby-TikTokUITests";
			productReference = C26DFA1A25F131C5007FA684 /* Baby-TikTokUITests.xctest */;
			productType = "com.apple.product-type.bundle.ui-testing";
		};
/* End PBXNativeTarget section */

/* Begin PBXProject section */
		C26DF9F125F131C4007FA684 /* Project object */ = {
			isa = PBXProject;
			attributes = {
				LastSwiftUpdateCheck = 1240;
				LastUpgradeCheck = 1240;
				TargetAttributes = {
					C26DF9F825F131C4007FA684 = {
						CreatedOnToolsVersion = 12.4;
					};
					C26DFA0E25F131C5007FA684 = {
						CreatedOnToolsVersion = 12.4;
						TestTargetID = C26DF9F825F131C4007FA684;
					};
					C26DFA1925F131C5007FA684 = {
						CreatedOnToolsVersion = 12.4;
						TestTargetID = C26DF9F825F131C4007FA684;
					};
				};
			};
			buildConfigurationList = C26DF9F425F131C4007FA684 /* Build configuration list for PBXProject "Baby-TikTok" */;
			compatibilityVersion = "Xcode 9.3";
			developmentRegion = en;
			hasScannedForEncodings = 0;
			knownRegions = (
				en,
				Base,
			);
			mainGroup = C26DF9F025F131C4007FA684;
			productRefGroup = C26DF9FA25F131C4007FA684 /* Products */;
			projectDirPath = "";
			projectRoot = "";
			targets = (
				C26DF9F825F131C4007FA684 /* Baby-TikTok */,
				C26DFA0E25F131C5007FA684 /* Baby-TikTokTests */,
				C26DFA1925F131C5007FA684 /* Baby-TikTokUITests */,
			);
		};
/* End PBXProject section */

/* Begin PBXResourcesBuildPhase section */
		C26DF9F725F131C4007FA684 /* Resources */ = {
			isa = PBXResourcesBuildPhase;
			buildActionMask = 2147483647;
			files = (
				C26DFA4725F147D5007FA684 /* hunter1.mp4 in Resources */,
				C26DFA4825F147D5007FA684 /* hunter2.mp4 in Resources */,
				C26DFA4925F147D5007FA684 /* hunter4.mp4 in Resources */,
				C26DFA4A25F147D5007FA684 /* hunter5.mp4 in Resources */,
				C26DFA4B25F147D5007FA684 /* hunter3.mp4 in Resources */,
				C26DFA0925F131C5007FA684 /* LaunchScreen.storyboard in Resources */,
				C26DFA0625F131C5007FA684 /* Assets.xcassets in Resources */,
				C26DFA0425F131C4007FA684 /* Main.storyboard in Resources */,
			);
			runOnlyForDeploymentPostprocessing = 0;
		};
		C26DFA0D25F131C5007FA684 /* Resources */ = {
			isa = PBXResourcesBuildPhase;
			buildActionMask = 2147483647;
			files = (
			);
			runOnlyForDeploymentPostprocessing = 0;
		};
		C26DFA1825F131C5007FA684 /* Resources */ = {
			isa = PBXResourcesBuildPhase;
			buildActionMask = 2147483647;
			files = (
			);
			runOnlyForDeploymentPostprocessing = 0;
		};
/* End PBXResourcesBuildPhase section */

/* Begin PBXSourcesBuildPhase section */
		C26DF9F525F131C4007FA684 /* Sources */ = {
			isa = PBXSourcesBuildPhase;
			buildActionMask = 2147483647;
			files = (
				C26DFA0125F131C4007FA684 /* ViewController.swift in Sources */,
				C26DF9FD25F131C4007FA684 /* AppDelegate.swift in Sources */,
				C26DFA3025F13515007FA684 /* VideoCollectionViewCell.swift in Sources */,
				C26DF9FF25F131C4007FA684 /* SceneDelegate.swift in Sources */,
			);
			runOnlyForDeploymentPostprocessing = 0;
		};
		C26DFA0B25F131C5007FA684 /* Sources */ = {
			isa = PBXSourcesBuildPhase;
			buildActionMask = 2147483647;
			files = (
				C26DFA1425F131C5007FA684 /* Baby_TikTokTests.swift in Sources */,
			);
			runOnlyForDeploymentPostprocessing = 0;
		};
		C26DFA1625F131C5007FA684 /* Sources */ = {
			isa = PBXSourcesBuildPhase;
			buildActionMask = 2147483647;
			files = (
				C26DFA1F25F131C5007FA684 /* Baby_TikTokUITests.swift in Sources */,
			);
			runOnlyForDeploymentPostprocessing = 0;
		};
/* End PBXSourcesBuildPhase section */

/* Begin PBXTargetDependency section */
		C26DFA1125F131C5007FA684 /* PBXTargetDependency */ = {
			isa = PBXTargetDependency;
			target = C26DF9F825F131C4007FA684 /* Baby-TikTok */;
			targetProxy = C26DFA1025F131C5007FA684 /* PBXContainerItemProxy */;
		};
		C26DFA1C25F131C5007FA684 /* PBXTargetDependency */ = {
			isa = PBXTargetDependency;
			target = C26DF9F825F131C4007FA684 /* Baby-TikTok */;
			targetProxy = C26DFA1B25F131C5007FA684 /* PBXContainerItemProxy */;
		};
/* End PBXTargetDependency section */

/* Begin PBXVariantGroup section */
		C26DFA0225F131C4007FA684 /* Main.storyboard */ = {
			isa = PBXVariantGroup;
			children = (
				C26DFA0325F131C4007FA684 /* Base */,
			);
			name = Main.storyboard;
			sourceTree = "<group>";
		};
		C26DFA0725F131C5007FA684 /* LaunchScreen.storyboard */ = {
			isa = PBXVariantGroup;
			children = (
				C26DFA0825F131C5007FA684 /* Base */,
			);
			name = LaunchScreen.storyboard;
			sourceTree = "<group>";
		};
/* End PBXVariantGroup section */

/* Begin XCBuildConfiguration section */
		C26DFA2125F131C5007FA684 /* Debug */ = {
			isa = XCBuildConfiguration;
			buildSettings = {
				ALWAYS_SEARCH_USER_PATHS = NO;
				CLANG_ANALYZER_NONNULL = YES;
				CLANG_ANALYZER_NUMBER_OBJECT_CONVERSION = YES_AGGRESSIVE;
				CLANG_CXX_LANGUAGE_STANDARD = "gnu++14";
				CLANG_CXX_LIBRARY = "libc++";
				CLANG_ENABLE_MODULES = YES;
				CLANG_ENABLE_OBJC_ARC = YES;
				CLANG_ENABLE_OBJC_WEAK = YES;
				CLANG_WARN_BLOCK_CAPTURE_AUTORELEASING = YES;
				CLANG_WARN_BOOL_CONVERSION = YES;
				CLANG_WARN_COMMA = YES;
				CLANG_WARN_CONSTANT_CONVERSION = YES;
				CLANG_WARN_DEPRECATED_OBJC_IMPLEMENTATIONS = YES;
				CLANG_WARN_DIRECT_OBJC_ISA_USAGE = YES_ERROR;
				CLANG_WARN_DOCUMENTATION_COMMENTS = YES;
				CLANG_WARN_EMPTY_BODY = YES;
				CLANG_WARN_ENUM_CONVERSION = YES;
				CLANG_WARN_INFINITE_RECURSION = YES;
				CLANG_WARN_INT_CONVERSION = YES;
				CLANG_WARN_NON_LITERAL_NULL_CONVERSION = YES;
				CLANG_WARN_OBJC_IMPLICIT_RETAIN_SELF = YES;
				CLANG_WARN_OBJC_LITERAL_CONVERSION = YES;
				CLANG_WARN_OBJC_ROOT_CLASS = YES_ERROR;
				CLANG_WARN_QUOTED_INCLUDE_IN_FRAMEWORK_HEADER = YES;
				CLANG_WARN_RANGE_LOOP_ANALYSIS = YES;
				CLANG_WARN_STRICT_PROTOTYPES = YES;
				CLANG_WARN_SUSPICIOUS_MOVE = YES;
				CLANG_WARN_UNGUARDED_AVAILABILITY = YES_AGGRESSIVE;
				CLANG_WARN_UNREACHABLE_CODE = YES;
				CLANG_WARN__DUPLICATE_METHOD_MATCH = YES;
				COPY_PHASE_STRIP = NO;
				DEBUG_INFORMATION_FORMAT = dwarf;
				ENABLE_STRICT_OBJC_MSGSEND = YES;
				ENABLE_TESTABILITY = YES;
				GCC_C_LANGUAGE_STANDARD = gnu11;
				GCC_DYNAMIC_NO_PIC = NO;
				GCC_NO_COMMON_BLOCKS = YES;
				GCC_OPTIMIZATION_LEVEL = 0;
				GCC_PREPROCESSOR_DEFINITIONS = (
					"DEBUG=1",
					"$(inherited)",
				);
				GCC_WARN_64_TO_32_BIT_CONVERSION = YES;
				GCC_WARN_ABOUT_RETURN_TYPE = YES_ERROR;
				GCC_WARN_UNDECLARED_SELECTOR = YES;
				GCC_WARN_UNINITIALIZED_AUTOS = YES_AGGRESSIVE;
				GCC_WARN_UNUSED_FUNCTION = YES;
				GCC_WARN_UNUSED_VARIABLE = YES;
				IPHONEOS_DEPLOYMENT_TARGET = 14.4;
				MTL_ENABLE_DEBUG_INFO = INCLUDE_SOURCE;
				MTL_FAST_MATH = YES;
				ONLY_ACTIVE_ARCH = YES;
				SDKROOT = iphoneos;
				SWIFT_ACTIVE_COMPILATION_CONDITIONS = DEBUG;
				SWIFT_OPTIMIZATION_LEVEL = "-Onone";
			};
			name = Debug;
		};
		C26DFA2225F131C5007FA684 /* Release */ = {
			isa = XCBuildConfiguration;
			buildSettings = {
				ALWAYS_SEARCH_USER_PATHS = NO;
				CLANG_ANALYZER_NONNULL = YES;
				CLANG_ANALYZER_NUMBER_OBJECT_CONVERSION = YES_AGGRESSIVE;
				CLANG_CXX_LANGUAGE_STANDARD = "gnu++14";
				CLANG_CXX_LIBRARY = "libc++";
				CLANG_ENABLE_MODULES = YES;
				CLANG_ENABLE_OBJC_ARC = YES;
				CLANG_ENABLE_OBJC_WEAK = YES;
				CLANG_WARN_BLOCK_CAPTURE_AUTORELEASING = YES;
				CLANG_WARN_BOOL_CONVERSION = YES;
				CLANG_WARN_COMMA = YES;
				CLANG_WARN_CONSTANT_CONVERSION = YES;
				CLANG_WARN_DEPRECATED_OBJC_IMPLEMENTATIONS = YES;
				CLANG_WARN_DIRECT_OBJC_ISA_USAGE = YES_ERROR;
				CLANG_WARN_DOCUMENTATION_COMMENTS = YES;
				CLANG_WARN_EMPTY_BODY = YES;
				CLANG_WARN_ENUM_CONVERSION = YES;
				CLANG_WARN_INFINITE_RECURSION = YES;
				CLANG_WARN_INT_CONVERSION = YES;
				CLANG_WARN_NON_LITERAL_NULL_CONVERSION = YES;
				CLANG_WARN_OBJC_IMPLICIT_RETAIN_SELF = YES;
				CLANG_WARN_OBJC_LITERAL_CONVERSION = YES;
				CLANG_WARN_OBJC_ROOT_CLASS = YES_ERROR;
				CLANG_WARN_QUOTED_INCLUDE_IN_FRAMEWORK_HEADER = YES;
				CLANG_WARN_RANGE_LOOP_ANALYSIS = YES;
				CLANG_WARN_STRICT_PROTOTYPES = YES;
				CLANG_WARN_SUSPICIOUS_MOVE = YES;
				CLANG_WARN_UNGUARDED_AVAILABILITY = YES_AGGRESSIVE;
				CLANG_WARN_UNREACHABLE_CODE = YES;
				CLANG_WARN__DUPLICATE_METHOD_MATCH = YES;
				COPY_PHASE_STRIP = NO;
				DEBUG_INFORMATION_FORMAT = "dwarf-with-dsym";
				ENABLE_NS_ASSERTIONS = NO;
				ENABLE_STRICT_OBJC_MSGSEND = YES;
				GCC_C_LANGUAGE_STANDARD = gnu11;
				GCC_NO_COMMON_BLOCKS = YES;
				GCC_WARN_64_TO_32_BIT_CONVERSION = YES;
				GCC_WARN_ABOUT_RETURN_TYPE = YES_ERROR;
				GCC_WARN_UNDECLARED_SELECTOR = YES;
				GCC_WARN_UNINITIALIZED_AUTOS = YES_AGGRESSIVE;
				GCC_WARN_UNUSED_FUNCTION = YES;
				GCC_WARN_UNUSED_VARIABLE = YES;
				IPHONEOS_DEPLOYMENT_TARGET = 14.4;
				MTL_ENABLE_DEBUG_INFO = NO;
				MTL_FAST_MATH = YES;
				SDKROOT = iphoneos;
				SWIFT_COMPILATION_MODE = wholemodule;
				SWIFT_OPTIMIZATION_LEVEL = "-O";
				VALIDATE_PRODUCT = YES;
			};
			name = Release;
		};
		C26DFA2425F131C5007FA684 /* Debug */ = {
			isa = XCBuildConfiguration;
			buildSettings = {
				ASSETCATALOG_COMPILER_APPICON_NAME = AppIcon;
				ASSETCATALOG_COMPILER_GLOBAL_ACCENT_COLOR_NAME = AccentColor;
				CODE_SIGN_STYLE = Automatic;
				DEVELOPMENT_TEAM = E64ACFS2Y6;
				INFOPLIST_FILE = "Baby-TikTok/Info.plist";
				LD_RUNPATH_SEARCH_PATHS = (
					"$(inherited)",
					"@executable_path/Frameworks",
				);
				PRODUCT_BUNDLE_IDENTIFIER = "com.alvinapp.Baby-TikTok";
				PRODUCT_NAME = "$(TARGET_NAME)";
				SWIFT_VERSION = 5.0;
				TARGETED_DEVICE_FAMILY = "1,2";
			};
			name = Debug;
		};
		C26DFA2525F131C5007FA684 /* Release */ = {
			isa = XCBuildConfiguration;
			buildSettings = {
				ASSETCATALOG_COMPILER_APPICON_NAME = AppIcon;
				ASSETCATALOG_COMPILER_GLOBAL_ACCENT_COLOR_NAME = AccentColor;
				CODE_SIGN_STYLE = Automatic;
				DEVELOPMENT_TEAM = E64ACFS2Y6;
				INFOPLIST_FILE = "Baby-TikTok/Info.plist";
				LD_RUNPATH_SEARCH_PATHS = (
					"$(inherited)",
					"@executable_path/Frameworks",
				);
				PRODUCT_BUNDLE_IDENTIFIER = "com.alvinapp.Baby-TikTok";
				PRODUCT_NAME = "$(TARGET_NAME)";
				SWIFT_VERSION = 5.0;
				TARGETED_DEVICE_FAMILY = "1,2";
			};
			name = Release;
		};
		C26DFA2725F131C5007FA684 /* Debug */ = {
			isa = XCBuildConfiguration;
			buildSettings = {
				ALWAYS_EMBED_SWIFT_STANDARD_LIBRARIES = YES;
				BUNDLE_LOADER = "$(TEST_HOST)";
				CODE_SIGN_STYLE = Automatic;
				DEVELOPMENT_TEAM = 5MLP2Y9S77;
				INFOPLIST_FILE = "Baby-TikTokTests/Info.plist";
				IPHONEOS_DEPLOYMENT_TARGET = 14.4;
				LD_RUNPATH_SEARCH_PATHS = (
					"$(inherited)",
					"@executable_path/Frameworks",
					"@loader_path/Frameworks",
				);
				PRODUCT_BUNDLE_IDENTIFIER = "com.alvinapp.Baby-TikTokTests";
				PRODUCT_NAME = "$(TARGET_NAME)";
				SWIFT_VERSION = 5.0;
				TARGETED_DEVICE_FAMILY = "1,2";
				TEST_HOST = "$(BUILT_PRODUCTS_DIR)/Baby-TikTok.app/Baby-TikTok";
			};
			name = Debug;
		};
		C26DFA2825F131C5007FA684 /* Release */ = {
			isa = XCBuildConfiguration;
			buildSettings = {
				ALWAYS_EMBED_SWIFT_STANDARD_LIBRARIES = YES;
				BUNDLE_LOADER = "$(TEST_HOST)";
				CODE_SIGN_STYLE = Automatic;
				DEVELOPMENT_TEAM = 5MLP2Y9S77;
				INFOPLIST_FILE = "Baby-TikTokTests/Info.plist";
				IPHONEOS_DEPLOYMENT_TARGET = 14.4;
				LD_RUNPATH_SEARCH_PATHS = (
					"$(inherited)",
					"@executable_path/Frameworks",
					"@loader_path/Frameworks",
				);
				PRODUCT_BUNDLE_IDENTIFIER = "com.alvinapp.Baby-TikTokTests";
				PRODUCT_NAME = "$(TARGET_NAME)";
				SWIFT_VERSION = 5.0;
				TARGETED_DEVICE_FAMILY = "1,2";
				TEST_HOST = "$(BUILT_PRODUCTS_DIR)/Baby-TikTok.app/Baby-TikTok";
			};
			name = Release;
		};
		C26DFA2A25F131C5007FA684 /* Debug */ = {
			isa = XCBuildConfiguration;
			buildSettings = {
				ALWAYS_EMBED_SWIFT_STANDARD_LIBRARIES = YES;
				CODE_SIGN_STYLE = Automatic;
				DEVELOPMENT_TEAM = 5MLP2Y9S77;
				INFOPLIST_FILE = "Baby-TikTokUITests/Info.plist";
				LD_RUNPATH_SEARCH_PATHS = (
					"$(inherited)",
					"@executable_path/Frameworks",
					"@loader_path/Frameworks",
				);
				PRODUCT_BUNDLE_IDENTIFIER = "com.alvinapp.Baby-TikTokUITests";
				PRODUCT_NAME = "$(TARGET_NAME)";
				SWIFT_VERSION = 5.0;
				TARGETED_DEVICE_FAMILY = "1,2";
				TEST_TARGET_NAME = "Baby-TikTok";
			};
			name = Debug;
		};
		C26DFA2B25F131C5007FA684 /* Release */ = {
			isa = XCBuildConfiguration;
			buildSettings = {
				ALWAYS_EMBED_SWIFT_STANDARD_LIBRARIES = YES;
				CODE_SIGN_STYLE = Automatic;
				DEVELOPMENT_TEAM = 5MLP2Y9S77;
				INFOPLIST_FILE = "Baby-TikTokUITests/Info.plist";
				LD_RUNPATH_SEARCH_PATHS = (
					"$(inherited)",
					"@executable_path/Frameworks",
					"@loader_path/Frameworks",
				);
				PRODUCT_BUNDLE_IDENTIFIER = "com.alvinapp.Baby-TikTokUITests";
				PRODUCT_NAME = "$(TARGET_NAME)";
				SWIFT_VERSION = 5.0;
				TARGETED_DEVICE_FAMILY = "1,2";
				TEST_TARGET_NAME = "Baby-TikTok";
			};
			name = Release;
		};
/* End XCBuildConfiguration section */

/* Begin XCConfigurationList section */
		C26DF9F425F131C4007FA684 /* Build configuration list for PBXProject "Baby-TikTok" */ = {
			isa = XCConfigurationList;
			buildConfigurations = (
				C26DFA2125F131C5007FA684 /* Debug */,
				C26DFA2225F131C5007FA684 /* Release */,
			);
			defaultConfigurationIsVisible = 0;
			defaultConfigurationName = Release;
		};
		C26DFA2325F131C5007FA684 /* Build configuration list for PBXNativeTarget "Baby-TikTok" */ = {
			isa = XCConfigurationList;
			buildConfigurations = (
				C26DFA2425F131C5007FA684 /* Debug */,
				C26DFA2525F131C5007FA684 /* Release */,
			);
			defaultConfigurationIsVisible = 0;
			defaultConfigurationName = Release;
		};
		C26DFA2625F131C5007FA684 /* Build configuration list for PBXNativeTarget "Baby-TikTokTests" */ = {
			isa = XCConfigurationList;
			buildConfigurations = (
				C26DFA2725F131C5007FA684 /* Debug */,
				C26DFA2825F131C5007FA684 /* Release */,
			);
			defaultConfigurationIsVisible = 0;
			defaultConfigurationName = Release;
		};
		C26DFA2925F131C5007FA684 /* Build configuration list for PBXNativeTarget "Baby-TikTokUITests" */ = {
			isa = XCConfigurationList;
			buildConfigurations = (
				C26DFA2A25F131C5007FA684 /* Debug */,
				C26DFA2B25F131C5007FA684 /* Release */,
			);
			defaultConfigurationIsVisible = 0;
			defaultConfigurationName = Release;
		};
/* End XCConfigurationList section */
	};
	rootObject = C26DF9F125F131C4007FA684 /* Project object */;
}
